
Microsoft Visual Studio Solution File, Format Version 12.00
# Visual Studio Version 17
VisualStudioVersion = 17.0.31903.59
MinimumVisualStudioVersion = 10.0.40219.1
Project("{2150E333-8FDC-42A3-9474-1A3956D46DE8}") = "src", "src", "{02A86B97-FE56-4EE2-8EE8-FA295FC26D94}"
EndProject
Project("{FAE04EC0-301F-11D3-BF4B-00C04F79EFBC}") = "API", "src\API\API.csproj", "{C93D98D6-3C43-44CB-B933-9B8805B4A5E1}"
EndProject
Project("{FAE04EC0-301F-11D3-BF4B-00C04F79EFBC}") = "Domain", "src\Domain\Domain.csproj", "{C890F963-ECE4-4E6E-9C0D-4E7B19C8480E}"
EndProject
Project("{FAE04EC0-301F-11D3-BF4B-00C04F79EFBC}") = "Infrastructure", "src\Infrastructure\Infrastructure.csproj", "{CAC62DD3-5544-4454-8DB3-3446196B4A6A}"
EndProject
Project("{FAE04EC0-301F-11D3-BF4B-00C04F79EFBC}") = "Application", "src\Application\Application.csproj", "{753F3D0E-5C56-4C37-B543-27459699F3AF}"
EndProject
Global
	GlobalSection(SolutionConfigurationPlatforms) = preSolution
		Debug|Any CPU = Debug|Any CPU
		Debug|x64 = Debug|x64
		Debug|x86 = Debug|x86
		Release|Any CPU = Release|Any CPU
		Release|x64 = Release|x64
		Release|x86 = Release|x86
	EndGlobalSection
	GlobalSection(ProjectConfigurationPlatforms) = postSolution
		{C93D98D6-3C43-44CB-B933-9B8805B4A5E1}.Debug|Any CPU.ActiveCfg = Debug|Any CPU
		{C93D98D6-3C43-44CB-B933-9B8805B4A5E1}.Debug|Any CPU.Build.0 = Debug|Any CPU
		{C93D98D6-3C43-44CB-B933-9B8805B4A5E1}.Debug|x64.ActiveCfg = Debug|Any CPU
		{C93D98D6-3C43-44CB-B933-9B8805B4A5E1}.Debug|x64.Build.0 = Debug|Any CPU
		{C93D98D6-3C43-44CB-B933-9B8805B4A5E1}.Debug|x86.ActiveCfg = Debug|Any CPU
		{C93D98D6-3C43-44CB-B933-9B8805B4A5E1}.Debug|x86.Build.0 = Debug|Any CPU
		{C93D98D6-3C43-44CB-B933-9B8805B4A5E1}.Release|Any CPU.ActiveCfg = Release|Any CPU
		{C93D98D6-3C43-44CB-B933-9B8805B4A5E1}.Release|Any CPU.Build.0 = Release|Any CPU
		{C93D98D6-3C43-44CB-B933-9B8805B4A5E1}.Release|x64.ActiveCfg = Release|Any CPU
		{C93D98D6-3C43-44CB-B933-9B8805B4A5E1}.Release|x64.Build.0 = Release|Any CPU
		{C93D98D6-3C43-44CB-B933-9B8805B4A5E1}.Release|x86.ActiveCfg = Release|Any CPU
		{C93D98D6-3C43-44CB-B933-9B8805B4A5E1}.Release|x86.Build.0 = Release|Any CPU
		{C890F963-ECE4-4E6E-9C0D-4E7B19C8480E}.Debug|Any CPU.ActiveCfg = Debug|Any CPU
		{C890F963-ECE4-4E6E-9C0D-4E7B19C8480E}.Debug|Any CPU.Build.0 = Debug|Any CPU
		{C890F963-ECE4-4E6E-9C0D-4E7B19C8480E}.Debug|x64.ActiveCfg = Debug|Any CPU
		{C890F963-ECE4-4E6E-9C0D-4E7B19C8480E}.Debug|x64.Build.0 = Debug|Any CPU
		{C890F963-ECE4-4E6E-9C0D-4E7B19C8480E}.Debug|x86.ActiveCfg = Debug|Any CPU
		{C890F963-ECE4-4E6E-9C0D-4E7B19C8480E}.Debug|x86.Build.0 = Debug|Any CPU
		{C890F963-ECE4-4E6E-9C0D-4E7B19C8480E}.Release|Any CPU.ActiveCfg = Release|Any CPU
		{C890F963-ECE4-4E6E-9C0D-4E7B19C8480E}.Release|Any CPU.Build.0 = Release|Any CPU
		{C890F963-ECE4-4E6E-9C0D-4E7B19C8480E}.Release|x64.ActiveCfg = Release|Any CPU
		{C890F963-ECE4-4E6E-9C0D-4E7B19C8480E}.Release|x64.Build.0 = Release|Any CPU
		{C890F963-ECE4-4E6E-9C0D-4E7B19C8480E}.Release|x86.ActiveCfg = Release|Any CPU
		{C890F963-ECE4-4E6E-9C0D-4E7B19C8480E}.Release|x86.Build.0 = Release|Any CPU
		{CAC62DD3-5544-4454-8DB3-3446196B4A6A}.Debug|Any CPU.ActiveCfg = Debug|Any CPU
		{CAC62DD3-5544-4454-8DB3-3446196B4A6A}.Debug|Any CPU.Build.0 = Debug|Any CPU
		{CAC62DD3-5544-4454-8DB3-3446196B4A6A}.Debug|x64.ActiveCfg = Debug|Any CPU
		{CAC62DD3-5544-4454-8DB3-3446196B4A6A}.Debug|x64.Build.0 = Debug|Any CPU
		{CAC62DD3-5544-4454-8DB3-3446196B4A6A}.Debug|x86.ActiveCfg = Debug|Any CPU
		{CAC62DD3-5544-4454-8DB3-3446196B4A6A}.Debug|x86.Build.0 = Debug|Any CPU
		{CAC62DD3-5544-4454-8DB3-3446196B4A6A}.Release|Any CPU.ActiveCfg = Release|Any CPU
		{CAC62DD3-5544-4454-8DB3-3446196B4A6A}.Release|Any CPU.Build.0 = Release|Any CPU
		{CAC62DD3-5544-4454-8DB3-3446196B4A6A}.Release|x64.ActiveCfg = Release|Any CPU
		{CAC62DD3-5544-4454-8DB3-3446196B4A6A}.Release|x64.Build.0 = Release|Any CPU
		{CAC62DD3-5544-4454-8DB3-3446196B4A6A}.Release|x86.ActiveCfg = Release|Any CPU
		{CAC62DD3-5544-4454-8DB3-3446196B4A6A}.Release|x86.Build.0 = Release|Any CPU
		{753F3D0E-5C56-4C37-B543-27459699F3AF}.Debug|Any CPU.ActiveCfg = Debug|Any CPU
		{753F3D0E-5C56-4C37-B543-27459699F3AF}.Debug|Any CPU.Build.0 = Debug|Any CPU
		{753F3D0E-5C56-4C37-B543-27459699F3AF}.Debug|x64.ActiveCfg = Debug|Any CPU
		{753F3D0E-5C56-4C37-B543-27459699F3AF}.Debug|x64.Build.0 = Debug|Any CPU
		{753F3D0E-5C56-4C37-B543-27459699F3AF}.Debug|x86.ActiveCfg = Debug|Any CPU
		{753F3D0E-5C56-4C37-B543-27459699F3AF}.Debug|x86.Build.0 = Debug|Any CPU
		{753F3D0E-5C56-4C37-B543-27459699F3AF}.Release|Any CPU.ActiveCfg = Release|Any CPU
		{753F3D0E-5C56-4C37-B543-27459699F3AF}.Release|Any CPU.Build.0 = Release|Any CPU
		{753F3D0E-5C56-4C37-B543-27459699F3AF}.Release|x64.ActiveCfg = Release|Any CPU
		{753F3D0E-5C56-4C37-B543-27459699F3AF}.Release|x64.Build.0 = Release|Any CPU
		{753F3D0E-5C56-4C37-B543-27459699F3AF}.Release|x86.ActiveCfg = Release|Any CPU
		{753F3D0E-5C56-4C37-B543-27459699F3AF}.Release|x86.Build.0 = Release|Any CPU
	EndGlobalSection
	GlobalSection(SolutionProperties) = preSolution
		HideSolutionNode = FALSE
	EndGlobalSection
	GlobalSection(NestedProjects) = preSolution
		{C93D98D6-3C43-44CB-B933-9B8805B4A5E1} = {02A86B97-FE56-4EE2-8EE8-FA295FC26D94}
		{C890F963-ECE4-4E6E-9C0D-4E7B19C8480E} = {02A86B97-FE56-4EE2-8EE8-FA295FC26D94}
		{CAC62DD3-5544-4454-8DB3-3446196B4A6A} = {02A86B97-FE56-4EE2-8EE8-FA295FC26D94}
		{753F3D0E-5C56-4C37-B543-27459699F3AF} = {02A86B97-FE56-4EE2-8EE8-FA295FC26D94}
	EndGlobalSection
EndGlobal
