{
    "name": "CoCreateApi",
    "version": "0.0.1",
    "lockfileVersion": 3,
    "requires": true,
    "isRoot": true,
    "private": true,
    "packages": {
        "": {
            "name": "CoCreateApi",
            "version": "0.0.1",
            "dependencies": {
                "noble-secp256k1": "^1.2.14"
            }
        },
        "node_modules/noble-secp256k1": {
            "version": "1.2.14",
            "resolved": "https://registry.npmjs.org/noble-secp256k1/-/noble-secp256k1-1.2.14.tgz",
            "integrity": "sha512-GSCXyoZBUaaPwVWdYncMEmzlSUjF9J/YeEHpklYJCyg8wPuJP3NzDx0BkiwArzINkdX2HJHvUJhL6vVWPOQQcg==",
            "deprecated": "Switch to namespaced @noble/secp256k1 for security and feature updates"
        }
    },
    "scripts": {
        "api:run": "dotnet run --project src/API/API.csproj /property:GenerateFullPaths=true /consoleloggerparameters:NoSummary",
        "api:watch": "dotnet watch run --project src/API/API.csproj",
        "migration:clear": "dotnet ef database update 0 --project src/Infrastructure/Infrastructure.csproj  --startup-project src/API/API.csproj",
        "migration:create": "dotnet ef migrations add %npm_config_name% --project src/Infrastructure/Infrastructure.csproj  --startup-project src/API/API.csproj",
        "migration:list": "dotnet ef migrations list --project src/Infrastructure/Infrastructure.csproj  --startup-project src/API/API.csproj",
        "migration:rollback": "dotnet ef database update --project src/Infrastructure/Infrastructure.csproj  --startup-project src/API/API.csproj",
        "migration:run": "export ASPNETCORE_ENVIRONMENT=%npm_config_env% && dotnet ef database update --project src/Infrastructure/Infrastructure.csproj --startup-project src/API/API.csproj",
        "prepare": "dotnet tool restore"
    }
}
